
Microsoft Visual Studio Solution File, Format Version 12.00
# Visual Studio Version 16
VisualStudioVersion = 16.0.30011.22
MinimumVisualStudioVersion = 10.0.40219.1
Project("{FAE04EC0-301F-11D3-BF4B-00C04F79EFBC}") = "TimelapseEditor", "TimelapseEditor\TimelapseEditor.csproj", "{59F9E844-3F30-4F42-A1C5-3BE978E1CC8E}"
EndProject
Global
	GlobalSection(SolutionConfigurationPlatforms) = preSolution
		Debug|Any CPU = Debug|Any CPU
		Release|Any CPU = Release|Any CPU
	EndGlobalSection
	GlobalSection(ProjectConfigurationPlatforms) = postSolution
		{59F9E844-3F30-4F42-A1C5-3BE978E1CC8E}.Debug|Any CPU.ActiveCfg = Debug|Any CPU
		{59F9E844-3F30-4F42-A1C5-3BE978E1CC8E}.Debug|Any CPU.Build.0 = Debug|Any CPU
		{59F9E844-3F30-4F42-A1C5-3BE978E1CC8E}.Release|Any CPU.ActiveCfg = Release|Any CPU
		{59F9E844-3F30-4F42-A1C5-3BE978E1CC8E}.Release|Any CPU.Build.0 = Release|Any CPU
	EndGlobalSection
	GlobalSection(SolutionProperties) = preSolution
		HideSolutionNode = FALSE
	EndGlobalSection
	GlobalSection(ExtensibilityGlobals) = postSolution
		SolutionGuid = {F22EC7CA-C284-4999-92C4-E29C403BCEEB}
	EndGlobalSection
EndGlobal
